
Microsoft Visual Studio Solution File, Format Version 12.00
# Visual Studio Version 17
VisualStudioVersion = 17.0.31903.59
MinimumVisualStudioVersion = 10.0.40219.1
Project("{FAE04EC0-301F-11D3-BF4B-00C04F79EFBC}") = "SmallestOfThreeNumbers", "SmallestOfThreeNumbers\SmallestOfThreeNumbers.csproj", "{206A187C-D899-4EF5-9DAE-9A53577B83D2}"
EndProject
Project("{FAE04EC0-301F-11D3-BF4B-00C04F79EFBC}") = "vowelsCount", "vowelsCount\vowelsCount.csproj", "{A2E4CD53-EE22-4D32-901C-BC51EEC8B6E4}"
EndProject
Project("{FAE04EC0-301F-11D3-BF4B-00C04F79EFBC}") = "CharactersInRange", "CharactersInRange\CharactersInRange.csproj", "{B1577376-45BC-4033-B4D7-ED0DE0B5C25B}"
EndProject
Project("{FAE04EC0-301F-11D3-BF4B-00C04F79EFBC}") = "PasswordValidator", "PasswordValidator\PasswordValidator.csproj", "{C5C0AAE1-7020-4DDA-8B8F-FF41795C5ED0}"
EndProject
Project("{FAE04EC0-301F-11D3-BF4B-00C04F79EFBC}") = "AddAndSubstract", "AddAndSubstract\AddAndSubstract.csproj", "{4CD82B37-C33A-4787-9D61-50053317189D}"
EndProject
Project("{FAE04EC0-301F-11D3-BF4B-00C04F79EFBC}") = "middleCharacters", "middleCharacters\middleCharacters.csproj", "{D2F865DC-EDB4-4544-B285-043E36569C29}"
EndProject
Project("{FAE04EC0-301F-11D3-BF4B-00C04F79EFBC}") = "NxNMatrix", "NxNMatrix\NxNMatrix.csproj", "{9ECA9DA4-7510-46F2-AC8A-9E335F3AC33F}"
EndProject
Project("{FAE04EC0-301F-11D3-BF4B-00C04F79EFBC}") = "FactorialDivision", "FactorialDivision\FactorialDivision.csproj", "{898529A1-1025-4C63-9790-4056E0B5A711}"
EndProject
Project("{FAE04EC0-301F-11D3-BF4B-00C04F79EFBC}") = "PalindromeIntegers", "PalindromeIntegers\PalindromeIntegers.csproj", "{177C4E92-C4C0-47D5-997C-E6E61A767D2B}"
EndProject
Project("{FAE04EC0-301F-11D3-BF4B-00C04F79EFBC}") = "TopNumber", "TopNumber\TopNumber.csproj", "{AEAE5414-B297-4088-9746-D7BFEEE3D9ED}"
EndProject
Global
	GlobalSection(SolutionConfigurationPlatforms) = preSolution
		Debug|Any CPU = Debug|Any CPU
		Release|Any CPU = Release|Any CPU
	EndGlobalSection
	GlobalSection(ProjectConfigurationPlatforms) = postSolution
		{206A187C-D899-4EF5-9DAE-9A53577B83D2}.Debug|Any CPU.ActiveCfg = Debug|Any CPU
		{206A187C-D899-4EF5-9DAE-9A53577B83D2}.Debug|Any CPU.Build.0 = Debug|Any CPU
		{206A187C-D899-4EF5-9DAE-9A53577B83D2}.Release|Any CPU.ActiveCfg = Release|Any CPU
		{206A187C-D899-4EF5-9DAE-9A53577B83D2}.Release|Any CPU.Build.0 = Release|Any CPU
		{A2E4CD53-EE22-4D32-901C-BC51EEC8B6E4}.Debug|Any CPU.ActiveCfg = Debug|Any CPU
		{A2E4CD53-EE22-4D32-901C-BC51EEC8B6E4}.Debug|Any CPU.Build.0 = Debug|Any CPU
		{A2E4CD53-EE22-4D32-901C-BC51EEC8B6E4}.Release|Any CPU.ActiveCfg = Release|Any CPU
		{A2E4CD53-EE22-4D32-901C-BC51EEC8B6E4}.Release|Any CPU.Build.0 = Release|Any CPU
		{B1577376-45BC-4033-B4D7-ED0DE0B5C25B}.Debug|Any CPU.ActiveCfg = Debug|Any CPU
		{B1577376-45BC-4033-B4D7-ED0DE0B5C25B}.Debug|Any CPU.Build.0 = Debug|Any CPU
		{B1577376-45BC-4033-B4D7-ED0DE0B5C25B}.Release|Any CPU.ActiveCfg = Release|Any CPU
		{B1577376-45BC-4033-B4D7-ED0DE0B5C25B}.Release|Any CPU.Build.0 = Release|Any CPU
		{C5C0AAE1-7020-4DDA-8B8F-FF41795C5ED0}.Debug|Any CPU.ActiveCfg = Debug|Any CPU
		{C5C0AAE1-7020-4DDA-8B8F-FF41795C5ED0}.Debug|Any CPU.Build.0 = Debug|Any CPU
		{C5C0AAE1-7020-4DDA-8B8F-FF41795C5ED0}.Release|Any CPU.ActiveCfg = Release|Any CPU
		{C5C0AAE1-7020-4DDA-8B8F-FF41795C5ED0}.Release|Any CPU.Build.0 = Release|Any CPU
		{4CD82B37-C33A-4787-9D61-50053317189D}.Debug|Any CPU.ActiveCfg = Debug|Any CPU
		{4CD82B37-C33A-4787-9D61-50053317189D}.Debug|Any CPU.Build.0 = Debug|Any CPU
		{4CD82B37-C33A-4787-9D61-50053317189D}.Release|Any CPU.ActiveCfg = Release|Any CPU
		{4CD82B37-C33A-4787-9D61-50053317189D}.Release|Any CPU.Build.0 = Release|Any CPU
		{D2F865DC-EDB4-4544-B285-043E36569C29}.Debug|Any CPU.ActiveCfg = Debug|Any CPU
		{D2F865DC-EDB4-4544-B285-043E36569C29}.Debug|Any CPU.Build.0 = Debug|Any CPU
		{D2F865DC-EDB4-4544-B285-043E36569C29}.Release|Any CPU.ActiveCfg = Release|Any CPU
		{D2F865DC-EDB4-4544-B285-043E36569C29}.Release|Any CPU.Build.0 = Release|Any CPU
		{9ECA9DA4-7510-46F2-AC8A-9E335F3AC33F}.Debug|Any CPU.ActiveCfg = Debug|Any CPU
		{9ECA9DA4-7510-46F2-AC8A-9E335F3AC33F}.Debug|Any CPU.Build.0 = Debug|Any CPU
		{9ECA9DA4-7510-46F2-AC8A-9E335F3AC33F}.Release|Any CPU.ActiveCfg = Release|Any CPU
		{9ECA9DA4-7510-46F2-AC8A-9E335F3AC33F}.Release|Any CPU.Build.0 = Release|Any CPU
		{898529A1-1025-4C63-9790-4056E0B5A711}.Debug|Any CPU.ActiveCfg = Debug|Any CPU
		{898529A1-1025-4C63-9790-4056E0B5A711}.Debug|Any CPU.Build.0 = Debug|Any CPU
		{898529A1-1025-4C63-9790-4056E0B5A711}.Release|Any CPU.ActiveCfg = Release|Any CPU
		{898529A1-1025-4C63-9790-4056E0B5A711}.Release|Any CPU.Build.0 = Release|Any CPU
		{177C4E92-C4C0-47D5-997C-E6E61A767D2B}.Debug|Any CPU.ActiveCfg = Debug|Any CPU
		{177C4E92-C4C0-47D5-997C-E6E61A767D2B}.Debug|Any CPU.Build.0 = Debug|Any CPU
		{177C4E92-C4C0-47D5-997C-E6E61A767D2B}.Release|Any CPU.ActiveCfg = Release|Any CPU
		{177C4E92-C4C0-47D5-997C-E6E61A767D2B}.Release|Any CPU.Build.0 = Release|Any CPU
		{AEAE5414-B297-4088-9746-D7BFEEE3D9ED}.Debug|Any CPU.ActiveCfg = Debug|Any CPU
		{AEAE5414-B297-4088-9746-D7BFEEE3D9ED}.Debug|Any CPU.Build.0 = Debug|Any CPU
		{AEAE5414-B297-4088-9746-D7BFEEE3D9ED}.Release|Any CPU.ActiveCfg = Release|Any CPU
		{AEAE5414-B297-4088-9746-D7BFEEE3D9ED}.Release|Any CPU.Build.0 = Release|Any CPU
	EndGlobalSection
	GlobalSection(SolutionProperties) = preSolution
		HideSolutionNode = FALSE
	EndGlobalSection
	GlobalSection(ExtensibilityGlobals) = postSolution
		SolutionGuid = {CFBC9E20-5D64-48EF-AC5E-D15FF46E8FD9}
	EndGlobalSection
EndGlobal
