
Microsoft Visual Studio Solution File, Format Version 12.00
# Visual Studio Version 17
VisualStudioVersion = 17.0.31903.59
MinimumVisualStudioVersion = 10.0.40219.1
Project("{FAE04EC0-301F-11D3-BF4B-00C04F79EFBC}") = "UsdToBgn", "Exercise\UsdToBgn.csproj", "{AB026F35-D5F5-482D-A7AA-31A2448847AD}"
EndProject
Project("{FAE04EC0-301F-11D3-BF4B-00C04F79EFBC}") = "RadiansToDegrees", "RadiansToDegrees\RadiansToDegrees.csproj", "{57A987C0-70A2-4412-8452-D2906700EBB1}"
EndProject
Project("{FAE04EC0-301F-11D3-BF4B-00C04F79EFBC}") = "DepositCalculator", "DepositCalculator\DepositCalculator.csproj", "{DE3F253C-5A28-4B0E-97AF-A1405260BE28}"
EndProject
Project("{FAE04EC0-301F-11D3-BF4B-00C04F79EFBC}") = "VacationBook]", "VacationBook]\VacationBook].csproj", "{9A21D3A2-F1B9-4896-BC3F-6C87CBBB1287}"
EndProject
Project("{FAE04EC0-301F-11D3-BF4B-00C04F79EFBC}") = "SuppliesForSchool", "SuppliesForSchool\SuppliesForSchool.csproj", "{6930DE32-8903-4018-A171-012281DBA15F}"
EndProject
Project("{FAE04EC0-301F-11D3-BF4B-00C04F79EFBC}") = "Repainting", "Repainting\Repainting.csproj", "{0586B1A8-2EF1-46B7-8DF1-2AD911887F2F}"
EndProject
Project("{FAE04EC0-301F-11D3-BF4B-00C04F79EFBC}") = "FoodDelivery", "FoodDelivery\FoodDelivery.csproj", "{D8C7643A-55DF-49AB-9D1A-70E06245FBD3}"
EndProject
Project("{FAE04EC0-301F-11D3-BF4B-00C04F79EFBC}") = "BasketballEquipment", "BasketballEquipment\BasketballEquipment.csproj", "{007491A2-8FF0-4A99-8989-E12791ED4C51}"
EndProject
Project("{FAE04EC0-301F-11D3-BF4B-00C04F79EFBC}") = "FishTank", "FishTank\FishTank.csproj", "{7F179117-EB0C-4EDD-8537-B29E21F12DED}"
EndProject
Global
	GlobalSection(SolutionConfigurationPlatforms) = preSolution
		Debug|Any CPU = Debug|Any CPU
		Release|Any CPU = Release|Any CPU
	EndGlobalSection
	GlobalSection(ProjectConfigurationPlatforms) = postSolution
		{AB026F35-D5F5-482D-A7AA-31A2448847AD}.Debug|Any CPU.ActiveCfg = Debug|Any CPU
		{AB026F35-D5F5-482D-A7AA-31A2448847AD}.Debug|Any CPU.Build.0 = Debug|Any CPU
		{AB026F35-D5F5-482D-A7AA-31A2448847AD}.Release|Any CPU.ActiveCfg = Release|Any CPU
		{AB026F35-D5F5-482D-A7AA-31A2448847AD}.Release|Any CPU.Build.0 = Release|Any CPU
		{57A987C0-70A2-4412-8452-D2906700EBB1}.Debug|Any CPU.ActiveCfg = Debug|Any CPU
		{57A987C0-70A2-4412-8452-D2906700EBB1}.Debug|Any CPU.Build.0 = Debug|Any CPU
		{57A987C0-70A2-4412-8452-D2906700EBB1}.Release|Any CPU.ActiveCfg = Release|Any CPU
		{57A987C0-70A2-4412-8452-D2906700EBB1}.Release|Any CPU.Build.0 = Release|Any CPU
		{DE3F253C-5A28-4B0E-97AF-A1405260BE28}.Debug|Any CPU.ActiveCfg = Debug|Any CPU
		{DE3F253C-5A28-4B0E-97AF-A1405260BE28}.Debug|Any CPU.Build.0 = Debug|Any CPU
		{DE3F253C-5A28-4B0E-97AF-A1405260BE28}.Release|Any CPU.ActiveCfg = Release|Any CPU
		{DE3F253C-5A28-4B0E-97AF-A1405260BE28}.Release|Any CPU.Build.0 = Release|Any CPU
		{9A21D3A2-F1B9-4896-BC3F-6C87CBBB1287}.Debug|Any CPU.ActiveCfg = Debug|Any CPU
		{9A21D3A2-F1B9-4896-BC3F-6C87CBBB1287}.Debug|Any CPU.Build.0 = Debug|Any CPU
		{9A21D3A2-F1B9-4896-BC3F-6C87CBBB1287}.Release|Any CPU.ActiveCfg = Release|Any CPU
		{9A21D3A2-F1B9-4896-BC3F-6C87CBBB1287}.Release|Any CPU.Build.0 = Release|Any CPU
		{6930DE32-8903-4018-A171-012281DBA15F}.Debug|Any CPU.ActiveCfg = Debug|Any CPU
		{6930DE32-8903-4018-A171-012281DBA15F}.Debug|Any CPU.Build.0 = Debug|Any CPU
		{6930DE32-8903-4018-A171-012281DBA15F}.Release|Any CPU.ActiveCfg = Release|Any CPU
		{6930DE32-8903-4018-A171-012281DBA15F}.Release|Any CPU.Build.0 = Release|Any CPU
		{0586B1A8-2EF1-46B7-8DF1-2AD911887F2F}.Debug|Any CPU.ActiveCfg = Debug|Any CPU
		{0586B1A8-2EF1-46B7-8DF1-2AD911887F2F}.Debug|Any CPU.Build.0 = Debug|Any CPU
		{0586B1A8-2EF1-46B7-8DF1-2AD911887F2F}.Release|Any CPU.ActiveCfg = Release|Any CPU
		{0586B1A8-2EF1-46B7-8DF1-2AD911887F2F}.Release|Any CPU.Build.0 = Release|Any CPU
		{D8C7643A-55DF-49AB-9D1A-70E06245FBD3}.Debug|Any CPU.ActiveCfg = Debug|Any CPU
		{D8C7643A-55DF-49AB-9D1A-70E06245FBD3}.Debug|Any CPU.Build.0 = Debug|Any CPU
		{D8C7643A-55DF-49AB-9D1A-70E06245FBD3}.Release|Any CPU.ActiveCfg = Release|Any CPU
		{D8C7643A-55DF-49AB-9D1A-70E06245FBD3}.Release|Any CPU.Build.0 = Release|Any CPU
		{007491A2-8FF0-4A99-8989-E12791ED4C51}.Debug|Any CPU.ActiveCfg = Debug|Any CPU
		{007491A2-8FF0-4A99-8989-E12791ED4C51}.Debug|Any CPU.Build.0 = Debug|Any CPU
		{007491A2-8FF0-4A99-8989-E12791ED4C51}.Release|Any CPU.ActiveCfg = Release|Any CPU
		{007491A2-8FF0-4A99-8989-E12791ED4C51}.Release|Any CPU.Build.0 = Release|Any CPU
		{7F179117-EB0C-4EDD-8537-B29E21F12DED}.Debug|Any CPU.ActiveCfg = Debug|Any CPU
		{7F179117-EB0C-4EDD-8537-B29E21F12DED}.Debug|Any CPU.Build.0 = Debug|Any CPU
		{7F179117-EB0C-4EDD-8537-B29E21F12DED}.Release|Any CPU.ActiveCfg = Release|Any CPU
		{7F179117-EB0C-4EDD-8537-B29E21F12DED}.Release|Any CPU.Build.0 = Release|Any CPU
	EndGlobalSection
	GlobalSection(SolutionProperties) = preSolution
		HideSolutionNode = FALSE
	EndGlobalSection
	GlobalSection(ExtensibilityGlobals) = postSolution
		SolutionGuid = {6C3D30C9-195B-4B92-9940-01AFBB2095E1}
	EndGlobalSection
EndGlobal
