
Microsoft Visual Studio Solution File, Format Version 12.00
# Visual Studio Version 17
VisualStudioVersion = 17.0.31903.59
MinimumVisualStudioVersion = 10.0.40219.1
Project("{9A19103F-16F7-4668-BE54-9A1E7A4F7556}") = "Students", "Students\Students.csproj", "{D54C4F5F-22BB-4201-8976-001022F00CF4}"
EndProject
Project("{9A19103F-16F7-4668-BE54-9A1E7A4F7556}") = "Students2.0", "Students2.0\Students2.0.csproj", "{4AEB7961-A7F6-48E2-B0C5-2D44ACA9B8E6}"
EndProject
Project("{9A19103F-16F7-4668-BE54-9A1E7A4F7556}") = "VehicleCatalog", "VehicleCatalog\VehicleCatalog.csproj", "{6EAB30CD-89D7-4106-922A-C333E33AAD15}"
EndProject
Project("{9A19103F-16F7-4668-BE54-9A1E7A4F7556}") = "VehicleCatog.Tests", "CatalogVehicleTests\VehicleCatog.Tests.csproj", "{D0509EEC-40DE-47F7-98C1-CF9CB6AEBE7D}"
EndProject
Global
	GlobalSection(SolutionConfigurationPlatforms) = preSolution
		Debug|Any CPU = Debug|Any CPU
		Release|Any CPU = Release|Any CPU
	EndGlobalSection
	GlobalSection(ProjectConfigurationPlatforms) = postSolution
		{D54C4F5F-22BB-4201-8976-001022F00CF4}.Debug|Any CPU.ActiveCfg = Debug|Any CPU
		{D54C4F5F-22BB-4201-8976-001022F00CF4}.Debug|Any CPU.Build.0 = Debug|Any CPU
		{D54C4F5F-22BB-4201-8976-001022F00CF4}.Release|Any CPU.ActiveCfg = Release|Any CPU
		{D54C4F5F-22BB-4201-8976-001022F00CF4}.Release|Any CPU.Build.0 = Release|Any CPU
		{4AEB7961-A7F6-48E2-B0C5-2D44ACA9B8E6}.Debug|Any CPU.ActiveCfg = Debug|Any CPU
		{4AEB7961-A7F6-48E2-B0C5-2D44ACA9B8E6}.Debug|Any CPU.Build.0 = Debug|Any CPU
		{4AEB7961-A7F6-48E2-B0C5-2D44ACA9B8E6}.Release|Any CPU.ActiveCfg = Release|Any CPU
		{4AEB7961-A7F6-48E2-B0C5-2D44ACA9B8E6}.Release|Any CPU.Build.0 = Release|Any CPU
		{6EAB30CD-89D7-4106-922A-C333E33AAD15}.Debug|Any CPU.ActiveCfg = Debug|Any CPU
		{6EAB30CD-89D7-4106-922A-C333E33AAD15}.Debug|Any CPU.Build.0 = Debug|Any CPU
		{6EAB30CD-89D7-4106-922A-C333E33AAD15}.Release|Any CPU.ActiveCfg = Release|Any CPU
		{6EAB30CD-89D7-4106-922A-C333E33AAD15}.Release|Any CPU.Build.0 = Release|Any CPU
		{D0509EEC-40DE-47F7-98C1-CF9CB6AEBE7D}.Debug|Any CPU.ActiveCfg = Debug|Any CPU
		{D0509EEC-40DE-47F7-98C1-CF9CB6AEBE7D}.Debug|Any CPU.Build.0 = Debug|Any CPU
		{D0509EEC-40DE-47F7-98C1-CF9CB6AEBE7D}.Release|Any CPU.ActiveCfg = Release|Any CPU
		{D0509EEC-40DE-47F7-98C1-CF9CB6AEBE7D}.Release|Any CPU.Build.0 = Release|Any CPU
	EndGlobalSection
	GlobalSection(SolutionProperties) = preSolution
		HideSolutionNode = FALSE
	EndGlobalSection
	GlobalSection(ExtensibilityGlobals) = postSolution
		SolutionGuid = {D292AA7B-1F49-4C25-8373-0F64EFD21FA0}
	EndGlobalSection
EndGlobal
