
Microsoft Visual Studio Solution File, Format Version 12.00
# Visual Studio Version 17
VisualStudioVersion = 17.0.31903.59
MinimumVisualStudioVersion = 10.0.40219.1
Project("{9A19103F-16F7-4668-BE54-9A1E7A4F7556}") = "NumbersFrom1to100", "Lab\NumbersFrom1to100.csproj", "{22A202F4-7DF2-45EA-8942-FDF4425089DE}"
EndProject
Project("{9A19103F-16F7-4668-BE54-9A1E7A4F7556}") = "NumbersN", "NumbersN\NumbersN.csproj", "{13EE6AE7-1EE1-4A87-ACAB-11195CFD728E}"
EndProject
Project("{9A19103F-16F7-4668-BE54-9A1E7A4F7556}") = "Numbers1NwithStep3", "Numbers1NwithStep3\Numbers1NwithStep3.csproj", "{146362C0-41CE-4B92-9C09-0255EA0929D7}"
EndProject
Project("{9A19103F-16F7-4668-BE54-9A1E7A4F7556}") = "EvenPowersOf2", "EvenPowersOf2\EvenPowersOf2.csproj", "{E35E3408-65E4-4FBE-AFEA-110991DEBA67}"
EndProject
Project("{9A19103F-16F7-4668-BE54-9A1E7A4F7556}") = "CharacterSequence", "CharacterSequence\CharacterSequence.csproj", "{1715351A-2966-4FA2-94A2-0DEAF6C98DA8}"
EndProject
Project("{9A19103F-16F7-4668-BE54-9A1E7A4F7556}") = "VowelsSum", "VowelsSUm\VowelsSum.csproj", "{CB114471-ED6B-4200-9AE8-31A2ADE5430D}"
EndProject
Project("{9A19103F-16F7-4668-BE54-9A1E7A4F7556}") = "SumNumbers", "SumNumbers\SumNumbers.csproj", "{33A7E73D-1B0F-4A9F-95E6-B645F66762A5}"
EndProject
Project("{9A19103F-16F7-4668-BE54-9A1E7A4F7556}") = "NumberSequence", "NumberSequence\NumberSequence.csproj", "{D7E5FC24-BD1F-4B2D-B8D6-F8B7038569F6}"
EndProject
Project("{FAE04EC0-301F-11D3-BF4B-00C04F79EFBC}") = "LeftAndRightSum", "LeftAndRightSum\LeftAndRightSum.csproj", "{07A6ECCB-0363-49DF-B054-31CA88D6294F}"
EndProject
Project("{FAE04EC0-301F-11D3-BF4B-00C04F79EFBC}") = "OddEvenSum", "OddEvenSum\OddEvenSum.csproj", "{ED2E4A80-E005-4CD4-BCC9-4BA8663A9A13}"
EndProject
Global
	GlobalSection(SolutionConfigurationPlatforms) = preSolution
		Debug|Any CPU = Debug|Any CPU
		Release|Any CPU = Release|Any CPU
	EndGlobalSection
	GlobalSection(ProjectConfigurationPlatforms) = postSolution
		{22A202F4-7DF2-45EA-8942-FDF4425089DE}.Debug|Any CPU.ActiveCfg = Debug|Any CPU
		{22A202F4-7DF2-45EA-8942-FDF4425089DE}.Debug|Any CPU.Build.0 = Debug|Any CPU
		{22A202F4-7DF2-45EA-8942-FDF4425089DE}.Release|Any CPU.ActiveCfg = Release|Any CPU
		{22A202F4-7DF2-45EA-8942-FDF4425089DE}.Release|Any CPU.Build.0 = Release|Any CPU
		{13EE6AE7-1EE1-4A87-ACAB-11195CFD728E}.Debug|Any CPU.ActiveCfg = Debug|Any CPU
		{13EE6AE7-1EE1-4A87-ACAB-11195CFD728E}.Debug|Any CPU.Build.0 = Debug|Any CPU
		{13EE6AE7-1EE1-4A87-ACAB-11195CFD728E}.Release|Any CPU.ActiveCfg = Release|Any CPU
		{13EE6AE7-1EE1-4A87-ACAB-11195CFD728E}.Release|Any CPU.Build.0 = Release|Any CPU
		{146362C0-41CE-4B92-9C09-0255EA0929D7}.Debug|Any CPU.ActiveCfg = Debug|Any CPU
		{146362C0-41CE-4B92-9C09-0255EA0929D7}.Debug|Any CPU.Build.0 = Debug|Any CPU
		{146362C0-41CE-4B92-9C09-0255EA0929D7}.Release|Any CPU.ActiveCfg = Release|Any CPU
		{146362C0-41CE-4B92-9C09-0255EA0929D7}.Release|Any CPU.Build.0 = Release|Any CPU
		{E35E3408-65E4-4FBE-AFEA-110991DEBA67}.Debug|Any CPU.ActiveCfg = Debug|Any CPU
		{E35E3408-65E4-4FBE-AFEA-110991DEBA67}.Debug|Any CPU.Build.0 = Debug|Any CPU
		{E35E3408-65E4-4FBE-AFEA-110991DEBA67}.Release|Any CPU.ActiveCfg = Release|Any CPU
		{E35E3408-65E4-4FBE-AFEA-110991DEBA67}.Release|Any CPU.Build.0 = Release|Any CPU
		{1715351A-2966-4FA2-94A2-0DEAF6C98DA8}.Debug|Any CPU.ActiveCfg = Debug|Any CPU
		{1715351A-2966-4FA2-94A2-0DEAF6C98DA8}.Debug|Any CPU.Build.0 = Debug|Any CPU
		{1715351A-2966-4FA2-94A2-0DEAF6C98DA8}.Release|Any CPU.ActiveCfg = Release|Any CPU
		{1715351A-2966-4FA2-94A2-0DEAF6C98DA8}.Release|Any CPU.Build.0 = Release|Any CPU
		{CB114471-ED6B-4200-9AE8-31A2ADE5430D}.Debug|Any CPU.ActiveCfg = Debug|Any CPU
		{CB114471-ED6B-4200-9AE8-31A2ADE5430D}.Debug|Any CPU.Build.0 = Debug|Any CPU
		{CB114471-ED6B-4200-9AE8-31A2ADE5430D}.Release|Any CPU.ActiveCfg = Release|Any CPU
		{CB114471-ED6B-4200-9AE8-31A2ADE5430D}.Release|Any CPU.Build.0 = Release|Any CPU
		{33A7E73D-1B0F-4A9F-95E6-B645F66762A5}.Debug|Any CPU.ActiveCfg = Debug|Any CPU
		{33A7E73D-1B0F-4A9F-95E6-B645F66762A5}.Debug|Any CPU.Build.0 = Debug|Any CPU
		{33A7E73D-1B0F-4A9F-95E6-B645F66762A5}.Release|Any CPU.ActiveCfg = Release|Any CPU
		{33A7E73D-1B0F-4A9F-95E6-B645F66762A5}.Release|Any CPU.Build.0 = Release|Any CPU
		{D7E5FC24-BD1F-4B2D-B8D6-F8B7038569F6}.Debug|Any CPU.ActiveCfg = Debug|Any CPU
		{D7E5FC24-BD1F-4B2D-B8D6-F8B7038569F6}.Debug|Any CPU.Build.0 = Debug|Any CPU
		{D7E5FC24-BD1F-4B2D-B8D6-F8B7038569F6}.Release|Any CPU.ActiveCfg = Release|Any CPU
		{D7E5FC24-BD1F-4B2D-B8D6-F8B7038569F6}.Release|Any CPU.Build.0 = Release|Any CPU
		{07A6ECCB-0363-49DF-B054-31CA88D6294F}.Debug|Any CPU.ActiveCfg = Debug|Any CPU
		{07A6ECCB-0363-49DF-B054-31CA88D6294F}.Debug|Any CPU.Build.0 = Debug|Any CPU
		{07A6ECCB-0363-49DF-B054-31CA88D6294F}.Release|Any CPU.ActiveCfg = Release|Any CPU
		{07A6ECCB-0363-49DF-B054-31CA88D6294F}.Release|Any CPU.Build.0 = Release|Any CPU
		{ED2E4A80-E005-4CD4-BCC9-4BA8663A9A13}.Debug|Any CPU.ActiveCfg = Debug|Any CPU
		{ED2E4A80-E005-4CD4-BCC9-4BA8663A9A13}.Debug|Any CPU.Build.0 = Debug|Any CPU
		{ED2E4A80-E005-4CD4-BCC9-4BA8663A9A13}.Release|Any CPU.ActiveCfg = Release|Any CPU
		{ED2E4A80-E005-4CD4-BCC9-4BA8663A9A13}.Release|Any CPU.Build.0 = Release|Any CPU
	EndGlobalSection
	GlobalSection(SolutionProperties) = preSolution
		HideSolutionNode = FALSE
	EndGlobalSection
	GlobalSection(ExtensibilityGlobals) = postSolution
		SolutionGuid = {9A0F6A6C-2536-4690-88B1-26E61B3A3724}
	EndGlobalSection
EndGlobal
