
Microsoft Visual Studio Solution File, Format Version 12.00
# Visual Studio Version 17
VisualStudioVersion = 17.0.31903.59
MinimumVisualStudioVersion = 10.0.40219.1
Project("{9A19103F-16F7-4668-BE54-9A1E7A4F7556}") = "Numbers", "Numbers\Numbers.csproj", "{2EFE24A9-B40A-464C-9EF1-DE5C310DDE3B}"
EndProject
Project("{9A19103F-16F7-4668-BE54-9A1E7A4F7556}") = "RectangleArea", "RectangleArea\RectangleArea.csproj", "{78029243-C7E4-41C0-A20E-55BF407519B4}"
EndProject
Project("{9A19103F-16F7-4668-BE54-9A1E7A4F7556}") = "InchToCm", "InchToCm\InchToCm.csproj", "{A490EE7E-EC0F-4ED0-B152-6703DE6B90DD}"
EndProject
Project("{9A19103F-16F7-4668-BE54-9A1E7A4F7556}") = "GreetingByName", "GreetingByName\GreetingByName.csproj", "{93E31A3C-5F03-48C9-BFF8-74F34FA47472}"
EndProject
Project("{9A19103F-16F7-4668-BE54-9A1E7A4F7556}") = "ConcatenateDate", "ConcatenateDate\ConcatenateDate.csproj", "{65E54FDE-B19C-44E8-A024-D077EEFB3BE2}"
EndProject
Project("{9A19103F-16F7-4668-BE54-9A1E7A4F7556}") = "ProjectCreation", "ProjectCreation\ProjectCreation.csproj", "{F4A3C7C3-6D01-4571-832E-EC27FC0B11AA}"
EndProject
Project("{9A19103F-16F7-4668-BE54-9A1E7A4F7556}") = "PetShop", "PetShop\PetShop.csproj", "{BC1D3F23-F528-4348-8026-4669D7E7B5C0}"
EndProject
Project("{9A19103F-16F7-4668-BE54-9A1E7A4F7556}") = "YardGreening", "YardGreening\YardGreening.csproj", "{7CC2F310-402B-476A-AD24-2046A69B754A}"
EndProject
Global
	GlobalSection(SolutionConfigurationPlatforms) = preSolution
		Debug|Any CPU = Debug|Any CPU
		Release|Any CPU = Release|Any CPU
	EndGlobalSection
	GlobalSection(ProjectConfigurationPlatforms) = postSolution
		{2EFE24A9-B40A-464C-9EF1-DE5C310DDE3B}.Debug|Any CPU.ActiveCfg = Debug|Any CPU
		{2EFE24A9-B40A-464C-9EF1-DE5C310DDE3B}.Debug|Any CPU.Build.0 = Debug|Any CPU
		{2EFE24A9-B40A-464C-9EF1-DE5C310DDE3B}.Release|Any CPU.ActiveCfg = Release|Any CPU
		{2EFE24A9-B40A-464C-9EF1-DE5C310DDE3B}.Release|Any CPU.Build.0 = Release|Any CPU
		{78029243-C7E4-41C0-A20E-55BF407519B4}.Debug|Any CPU.ActiveCfg = Debug|Any CPU
		{78029243-C7E4-41C0-A20E-55BF407519B4}.Debug|Any CPU.Build.0 = Debug|Any CPU
		{78029243-C7E4-41C0-A20E-55BF407519B4}.Release|Any CPU.ActiveCfg = Release|Any CPU
		{78029243-C7E4-41C0-A20E-55BF407519B4}.Release|Any CPU.Build.0 = Release|Any CPU
		{A490EE7E-EC0F-4ED0-B152-6703DE6B90DD}.Debug|Any CPU.ActiveCfg = Debug|Any CPU
		{A490EE7E-EC0F-4ED0-B152-6703DE6B90DD}.Debug|Any CPU.Build.0 = Debug|Any CPU
		{A490EE7E-EC0F-4ED0-B152-6703DE6B90DD}.Release|Any CPU.ActiveCfg = Release|Any CPU
		{A490EE7E-EC0F-4ED0-B152-6703DE6B90DD}.Release|Any CPU.Build.0 = Release|Any CPU
		{93E31A3C-5F03-48C9-BFF8-74F34FA47472}.Debug|Any CPU.ActiveCfg = Debug|Any CPU
		{93E31A3C-5F03-48C9-BFF8-74F34FA47472}.Debug|Any CPU.Build.0 = Debug|Any CPU
		{93E31A3C-5F03-48C9-BFF8-74F34FA47472}.Release|Any CPU.ActiveCfg = Release|Any CPU
		{93E31A3C-5F03-48C9-BFF8-74F34FA47472}.Release|Any CPU.Build.0 = Release|Any CPU
		{65E54FDE-B19C-44E8-A024-D077EEFB3BE2}.Debug|Any CPU.ActiveCfg = Debug|Any CPU
		{65E54FDE-B19C-44E8-A024-D077EEFB3BE2}.Debug|Any CPU.Build.0 = Debug|Any CPU
		{65E54FDE-B19C-44E8-A024-D077EEFB3BE2}.Release|Any CPU.ActiveCfg = Release|Any CPU
		{65E54FDE-B19C-44E8-A024-D077EEFB3BE2}.Release|Any CPU.Build.0 = Release|Any CPU
		{F4A3C7C3-6D01-4571-832E-EC27FC0B11AA}.Debug|Any CPU.ActiveCfg = Debug|Any CPU
		{F4A3C7C3-6D01-4571-832E-EC27FC0B11AA}.Debug|Any CPU.Build.0 = Debug|Any CPU
		{F4A3C7C3-6D01-4571-832E-EC27FC0B11AA}.Release|Any CPU.ActiveCfg = Release|Any CPU
		{F4A3C7C3-6D01-4571-832E-EC27FC0B11AA}.Release|Any CPU.Build.0 = Release|Any CPU
		{BC1D3F23-F528-4348-8026-4669D7E7B5C0}.Debug|Any CPU.ActiveCfg = Debug|Any CPU
		{BC1D3F23-F528-4348-8026-4669D7E7B5C0}.Debug|Any CPU.Build.0 = Debug|Any CPU
		{BC1D3F23-F528-4348-8026-4669D7E7B5C0}.Release|Any CPU.ActiveCfg = Release|Any CPU
		{BC1D3F23-F528-4348-8026-4669D7E7B5C0}.Release|Any CPU.Build.0 = Release|Any CPU
		{7CC2F310-402B-476A-AD24-2046A69B754A}.Debug|Any CPU.ActiveCfg = Debug|Any CPU
		{7CC2F310-402B-476A-AD24-2046A69B754A}.Debug|Any CPU.Build.0 = Debug|Any CPU
		{7CC2F310-402B-476A-AD24-2046A69B754A}.Release|Any CPU.ActiveCfg = Release|Any CPU
		{7CC2F310-402B-476A-AD24-2046A69B754A}.Release|Any CPU.Build.0 = Release|Any CPU
	EndGlobalSection
	GlobalSection(SolutionProperties) = preSolution
		HideSolutionNode = FALSE
	EndGlobalSection
	GlobalSection(ExtensibilityGlobals) = postSolution
		SolutionGuid = {71574864-2C89-40EA-A860-18E3AE9ADBC6}
	EndGlobalSection
EndGlobal
