
Microsoft Visual Studio Solution File, Format Version 12.00
# Visual Studio Version 17
VisualStudioVersion = 17.0.31903.59
MinimumVisualStudioVersion = 10.0.40219.1
Project("{9A19103F-16F7-4668-BE54-9A1E7A4F7556}") = "JaggedArrayManipulator", "JaggedArrayManipulator\JaggedArrayManipulator.csproj", "{8C3B8883-4F45-4DB8-9BA2-AF186A4881F0}"
EndProject
Project("{FAE04EC0-301F-11D3-BF4B-00C04F79EFBC}") = "KnightGame", "KnightGame\KnightGame.csproj", "{1BC51CED-8BA8-48CC-BD3D-F45ED88C2B21}"
EndProject
Global
	GlobalSection(SolutionConfigurationPlatforms) = preSolution
		Debug|Any CPU = Debug|Any CPU
		Release|Any CPU = Release|Any CPU
	EndGlobalSection
	GlobalSection(ProjectConfigurationPlatforms) = postSolution
		{8C3B8883-4F45-4DB8-9BA2-AF186A4881F0}.Debug|Any CPU.ActiveCfg = Debug|Any CPU
		{8C3B8883-4F45-4DB8-9BA2-AF186A4881F0}.Debug|Any CPU.Build.0 = Debug|Any CPU
		{8C3B8883-4F45-4DB8-9BA2-AF186A4881F0}.Release|Any CPU.ActiveCfg = Release|Any CPU
		{8C3B8883-4F45-4DB8-9BA2-AF186A4881F0}.Release|Any CPU.Build.0 = Release|Any CPU
		{1BC51CED-8BA8-48CC-BD3D-F45ED88C2B21}.Debug|Any CPU.ActiveCfg = Debug|Any CPU
		{1BC51CED-8BA8-48CC-BD3D-F45ED88C2B21}.Debug|Any CPU.Build.0 = Debug|Any CPU
		{1BC51CED-8BA8-48CC-BD3D-F45ED88C2B21}.Release|Any CPU.ActiveCfg = Release|Any CPU
		{1BC51CED-8BA8-48CC-BD3D-F45ED88C2B21}.Release|Any CPU.Build.0 = Release|Any CPU
	EndGlobalSection
	GlobalSection(SolutionProperties) = preSolution
		HideSolutionNode = FALSE
	EndGlobalSection
	GlobalSection(ExtensibilityGlobals) = postSolution
		SolutionGuid = {D792169F-8E80-492C-B0CA-C3FE9E7FF68C}
	EndGlobalSection
EndGlobal
