
Microsoft Visual Studio Solution File, Format Version 12.00
# Visual Studio Version 17
VisualStudioVersion = 17.0.31903.59
MinimumVisualStudioVersion = 10.0.40219.1
Project("{9A19103F-16F7-4668-BE54-9A1E7A4F7556}") = "Messaging", "Messaging\Messaging.csproj", "{C1C6288F-272C-4559-9A2F-039613109CB4}"
EndProject
Project("{9A19103F-16F7-4668-BE54-9A1E7A4F7556}") = "CarRace", "CarRace\CarRace.csproj", "{26C5EDFD-487A-4E46-B839-8C93437CC8DA}"
EndProject
Project("{9A19103F-16F7-4668-BE54-9A1E7A4F7556}") = "TakeSkipRope", "TakeSkipRope\TakeSkipRope.csproj", "{47F54D78-6800-411F-A038-5424A3489362}"
EndProject
Project("{9A19103F-16F7-4668-BE54-9A1E7A4F7556}") = "MixedUpLists", "MixedUpLists\MixedUpLists.csproj", "{72E59298-FB1B-4D23-948B-BAC522E6BEE5}"
EndProject
Project("{FAE04EC0-301F-11D3-BF4B-00C04F79EFBC}") = "DrumSet", "DrumSet\DrumSet.csproj", "{61FA7462-CBBB-49D1-B211-24CFD6CBC5DE}"
EndProject
Global
	GlobalSection(SolutionConfigurationPlatforms) = preSolution
		Debug|Any CPU = Debug|Any CPU
		Release|Any CPU = Release|Any CPU
	EndGlobalSection
	GlobalSection(ProjectConfigurationPlatforms) = postSolution
		{C1C6288F-272C-4559-9A2F-039613109CB4}.Debug|Any CPU.ActiveCfg = Debug|Any CPU
		{C1C6288F-272C-4559-9A2F-039613109CB4}.Debug|Any CPU.Build.0 = Debug|Any CPU
		{C1C6288F-272C-4559-9A2F-039613109CB4}.Release|Any CPU.ActiveCfg = Release|Any CPU
		{C1C6288F-272C-4559-9A2F-039613109CB4}.Release|Any CPU.Build.0 = Release|Any CPU
		{26C5EDFD-487A-4E46-B839-8C93437CC8DA}.Debug|Any CPU.ActiveCfg = Debug|Any CPU
		{26C5EDFD-487A-4E46-B839-8C93437CC8DA}.Debug|Any CPU.Build.0 = Debug|Any CPU
		{26C5EDFD-487A-4E46-B839-8C93437CC8DA}.Release|Any CPU.ActiveCfg = Release|Any CPU
		{26C5EDFD-487A-4E46-B839-8C93437CC8DA}.Release|Any CPU.Build.0 = Release|Any CPU
		{47F54D78-6800-411F-A038-5424A3489362}.Debug|Any CPU.ActiveCfg = Debug|Any CPU
		{47F54D78-6800-411F-A038-5424A3489362}.Debug|Any CPU.Build.0 = Debug|Any CPU
		{47F54D78-6800-411F-A038-5424A3489362}.Release|Any CPU.ActiveCfg = Release|Any CPU
		{47F54D78-6800-411F-A038-5424A3489362}.Release|Any CPU.Build.0 = Release|Any CPU
		{72E59298-FB1B-4D23-948B-BAC522E6BEE5}.Debug|Any CPU.ActiveCfg = Debug|Any CPU
		{72E59298-FB1B-4D23-948B-BAC522E6BEE5}.Debug|Any CPU.Build.0 = Debug|Any CPU
		{72E59298-FB1B-4D23-948B-BAC522E6BEE5}.Release|Any CPU.ActiveCfg = Release|Any CPU
		{72E59298-FB1B-4D23-948B-BAC522E6BEE5}.Release|Any CPU.Build.0 = Release|Any CPU
		{61FA7462-CBBB-49D1-B211-24CFD6CBC5DE}.Debug|Any CPU.ActiveCfg = Debug|Any CPU
		{61FA7462-CBBB-49D1-B211-24CFD6CBC5DE}.Debug|Any CPU.Build.0 = Debug|Any CPU
		{61FA7462-CBBB-49D1-B211-24CFD6CBC5DE}.Release|Any CPU.ActiveCfg = Release|Any CPU
		{61FA7462-CBBB-49D1-B211-24CFD6CBC5DE}.Release|Any CPU.Build.0 = Release|Any CPU
	EndGlobalSection
	GlobalSection(SolutionProperties) = preSolution
		HideSolutionNode = FALSE
	EndGlobalSection
	GlobalSection(ExtensibilityGlobals) = postSolution
		SolutionGuid = {4092C69A-2BF7-449F-A8E1-70DEB4976A42}
	EndGlobalSection
EndGlobal
